
Microsoft Visual Studio Solution File, Format Version 12.00
# Visual Studio 14
VisualStudioVersion = 14.0.23107.0
MinimumVisualStudioVersion = 10.0.40219.1
Project("{8BB2217D-0F2D-49D1-97BC-3654ED321F3B}") = "TestForBuild", "TestForBuild\TestForBuild.xproj", "{82AF9DE4-5FC7-4DA2-BAD9-3A880E62C663}"
EndProject
Global
	GlobalSection(SolutionConfigurationPlatforms) = preSolution
		Debug|Any CPU = Debug|Any CPU
		Release|Any CPU = Release|Any CPU
	EndGlobalSection
	GlobalSection(ProjectConfigurationPlatforms) = postSolution
		{82AF9DE4-5FC7-4DA2-BAD9-3A880E62C663}.Debug|Any CPU.ActiveCfg = Debug|Any CPU
		{82AF9DE4-5FC7-4DA2-BAD9-3A880E62C663}.Debug|Any CPU.Build.0 = Debug|Any CPU
		{82AF9DE4-5FC7-4DA2-BAD9-3A880E62C663}.Release|Any CPU.ActiveCfg = Release|Any CPU
		{82AF9DE4-5FC7-4DA2-BAD9-3A880E62C663}.Release|Any CPU.Build.0 = Release|Any CPU
	EndGlobalSection
	GlobalSection(SolutionProperties) = preSolution
		HideSolutionNode = FALSE
	EndGlobalSection
EndGlobal
